PODS:
  - CRuby (3.2.202)
  - RubySketch (0.5.17):
    - RubySketch/Beeps (= 0.5.17)
    - RubySketch/Rays (= 0.5.17)
    - RubySketch/Reflex (= 0.5.17)
    - RubySketch/Rucy (= 0.5.17)
    - RubySketch/Xot (= 0.5.17)
  - RubySketch/Beeps (0.5.17):
    - RubySketch/Beeps/Ext (= 0.5.17)
    - RubySketch/Beeps/R8BrainFreeSrc (= 0.5.17)
    - RubySketch/Beeps/STK (= 0.5.17)
  - RubySketch/Beeps/Ext (0.5.17)
  - RubySketch/Beeps/R8BrainFreeSrc (0.5.17)
  - RubySketch/Beeps/STK (0.5.17)
  - RubySketch/Rays (0.5.17):
    - RubySketch/Rays/Clipper (= 0.5.17)
    - RubySketch/Rays/Ext (= 0.5.17)
    - RubySketch/Rays/Poly2Tri (= 0.5.17)
    - RubySketch/Rays/SplineLib (= 0.5.17)
  - RubySketch/Rays/Clipper (0.5.17)
  - RubySketch/Rays/Ext (0.5.17)
  - RubySketch/Rays/Poly2Tri (0.5.17)
  - RubySketch/Rays/SplineLib (0.5.17)
  - RubySketch/Reflex (0.5.17):
    - RubySketch/Reflex/Box2D (= 0.5.17)
    - RubySketch/Reflex/Ext (= 0.5.17)
  - RubySketch/Reflex/Box2D (0.5.17)
  - RubySketch/Reflex/Ext (0.5.17)
  - RubySketch/Rucy (0.5.17):
    - RubySketch/Rucy/Ext (= 0.5.17)
  - RubySketch/Rucy/Ext (0.5.17)
  - RubySketch/Xot (0.5.17)

DEPENDENCIES:
  - CRuby (from `https://github.com/xord/cruby.git`)
  - RubySketch (from `https://github.com/xord/rubysketch.git`)

EXTERNAL SOURCES:
  CRuby:
    :git: https://github.com/xord/cruby.git
  RubySketch:
    :git: https://github.com/xord/rubysketch.git

CHECKOUT OPTIONS:
  CRuby:
    :commit: 133060a967e6acbf4aad3971b369acab86029065
    :git: https://github.com/xord/cruby.git
  RubySketch:
    :commit: 028cabc83f0038273a599d8f021e5b0ec2819d62
    :git: https://github.com/xord/rubysketch.git

SPEC CHECKSUMS:
  CRuby: f677262f16d7c714efd3021c90246296cf5bf9c3
  RubySketch: e933f316c15eb038c378894b6851e553fe08d7db

PODFILE CHECKSUM: 3ad0b358d0bc13ea451aa93df078142a38c591fc

COCOAPODS: 1.12.1
